
Microsoft Visual Studio Solution File, Format Version 12.00
# Visual Studio Version 16
VisualStudioVersion = 16.0.30907.101
MinimumVisualStudioVersion = 10.0.40219.1
Project("{FAE04EC0-301F-11D3-BF4B-00C04F79EFBC}") = "GeniiApp", "GeniiApp\GeniiApp.csproj", "{8CEB8F6F-1746-4C56-AE79-3BAE30D6A823}"
EndProject
Global
	GlobalSection(SolutionConfigurationPlatforms) = preSolution
		Debug|Any CPU = Debug|Any CPU
		Release|Any CPU = Release|Any CPU
	EndGlobalSection
	GlobalSection(ProjectConfigurationPlatforms) = postSolution
		{8CEB8F6F-1746-4C56-AE79-3BAE30D6A823}.Debug|Any CPU.ActiveCfg = Debug|Any CPU
		{8CEB8F6F-1746-4C56-AE79-3BAE30D6A823}.Debug|Any CPU.Build.0 = Debug|Any CPU
		{8CEB8F6F-1746-4C56-AE79-3BAE30D6A823}.Release|Any CPU.ActiveCfg = Release|Any CPU
		{8CEB8F6F-1746-4C56-AE79-3BAE30D6A823}.Release|Any CPU.Build.0 = Release|Any CPU
	EndGlobalSection
	GlobalSection(SolutionProperties) = preSolution
		HideSolutionNode = FALSE
	EndGlobalSection
	GlobalSection(ExtensibilityGlobals) = postSolution
		SolutionGuid = {D4067116-686D-4A72-B8A6-5C24E8C8F38C}
	EndGlobalSection
EndGlobal
